PODS:
  - AFNetworking (3.2.0):
    - AFNetworking/NSURLSession (= 3.2.0)
    - AFNetworking/Reachability (= 3.2.0)
    - AFNetworking/Security (= 3.2.0)
    - AFNetworking/Serialization (= 3.2.0)
    - AFNetworking/UIKit (= 3.2.0)
  - AFNetworking/NSURLSession (3.2.0):
    - AFNetworking/Reachability
    - AFNetworking/Security
    - AFNetworking/Serialization
  - AFNetworking/Reachability (3.2.0)
  - AFNetworking/Security (3.2.0)
  - AFNetworking/Serialization (3.2.0)
  - AFNetworking/UIKit (3.2.0):
    - AFNetworking/NSURLSession
  - WWZNetworking (1.0.0):
    - AFNetworking

DEPENDENCIES:
  - WWZNetworking (from `../`)

EXTERNAL SOURCES:
  WWZNetworking:
    :path: "../"

SPEC CHECKSUMS:
  AFNetworking: 8ac6017b94ea105479f7776e5288e48ae9c59bb4
  WWZNetworking: 774d9b1c54e106db2c1ec461ff6e426f3a7d5baa

PODFILE CHECKSUM: ba16f584f7d322da61ff02df1043e7d54692bfdd

COCOAPODS: 1.2.1
